
Microsoft Visual Studio Solution File, Format Version 12.00
# Visual Studio Version 17
VisualStudioVersion = 17.3.32825.248
MinimumVisualStudioVersion = 10.0.40219.1
Project("{FAE04EC0-301F-11D3-BF4B-00C04F79EFBC}") = "01-MakeAModel", "01-MakeAModel\01-MakeAModel.csproj", "{FA41082E-97BD-4A4A-B314-660DBB5319B1}"
EndProject
Project("{FAE04EC0-301F-11D3-BF4B-00C04F79EFBC}") = "02-WhatsMyAccountBalance", "02-WhatsMyAccountBalance\02-WhatsMyAccountBalance.csproj", "{B6B7AFFB-A9B9-4DD1-A6C9-2114E1902278}"
EndProject
Project("{FAE04EC0-301F-11D3-BF4B-00C04F79EFBC}") = "03-WhereAreThePlanes", "03-WhereAreThePlanes\03-WhereAreThePlanes.csproj", "{FB2F84AE-F4E7-45CD-9E1C-253DBA9C3843}"
EndProject
Project("{FAE04EC0-301F-11D3-BF4B-00C04F79EFBC}") = "04-Attack", "04-Attack\04-Attack.csproj", "{8CF77A92-D2C2-4149-AC3F-41C824D00124}"
EndProject
Project("{FAE04EC0-301F-11D3-BF4B-00C04F79EFBC}") = "05-PerimeterCalculator", "05-PerimeterCalculator\05-PerimeterCalculator.csproj", "{595BD8E1-3E2E-4B6A-9F0E-229D380062DD}"
EndProject
Project("{FAE04EC0-301F-11D3-BF4B-00C04F79EFBC}") = "06-OnlineCarShopping", "06-OnlineCarShopping\06-OnlineCarShopping.csproj", "{A23B6EA8-2B6C-4457-BAB7-1F3EA390BE7D}"
EndProject
Project("{FAE04EC0-301F-11D3-BF4B-00C04F79EFBC}") = "07-DrawingApplication", "07-DrawingApplication\07-DrawingApplication.csproj", "{B7C2C021-D928-4FD1-A733-7AB375CAB696}"
EndProject
Project("{FAE04EC0-301F-11D3-BF4B-00C04F79EFBC}") = "08-FunWithDimensions", "08-FunWithDimensions\08-FunWithDimensions.csproj", "{ADAF9776-89DF-4AC0-9806-5E194C1C4A52}"
EndProject
Global
	GlobalSection(SolutionConfigurationPlatforms) = preSolution
		Debug|Any CPU = Debug|Any CPU
		Release|Any CPU = Release|Any CPU
	EndGlobalSection
	GlobalSection(ProjectConfigurationPlatforms) = postSolution
		{FA41082E-97BD-4A4A-B314-660DBB5319B1}.Debug|Any CPU.ActiveCfg = Debug|Any CPU
		{FA41082E-97BD-4A4A-B314-660DBB5319B1}.Debug|Any CPU.Build.0 = Debug|Any CPU
		{FA41082E-97BD-4A4A-B314-660DBB5319B1}.Release|Any CPU.ActiveCfg = Release|Any CPU
		{FA41082E-97BD-4A4A-B314-660DBB5319B1}.Release|Any CPU.Build.0 = Release|Any CPU
		{B6B7AFFB-A9B9-4DD1-A6C9-2114E1902278}.Debug|Any CPU.ActiveCfg = Debug|Any CPU
		{B6B7AFFB-A9B9-4DD1-A6C9-2114E1902278}.Debug|Any CPU.Build.0 = Debug|Any CPU
		{B6B7AFFB-A9B9-4DD1-A6C9-2114E1902278}.Release|Any CPU.ActiveCfg = Release|Any CPU
		{B6B7AFFB-A9B9-4DD1-A6C9-2114E1902278}.Release|Any CPU.Build.0 = Release|Any CPU
		{FB2F84AE-F4E7-45CD-9E1C-253DBA9C3843}.Debug|Any CPU.ActiveCfg = Debug|Any CPU
		{FB2F84AE-F4E7-45CD-9E1C-253DBA9C3843}.Debug|Any CPU.Build.0 = Debug|Any CPU
		{FB2F84AE-F4E7-45CD-9E1C-253DBA9C3843}.Release|Any CPU.ActiveCfg = Release|Any CPU
		{FB2F84AE-F4E7-45CD-9E1C-253DBA9C3843}.Release|Any CPU.Build.0 = Release|Any CPU
		{8CF77A92-D2C2-4149-AC3F-41C824D00124}.Debug|Any CPU.ActiveCfg = Debug|Any CPU
		{8CF77A92-D2C2-4149-AC3F-41C824D00124}.Debug|Any CPU.Build.0 = Debug|Any CPU
		{8CF77A92-D2C2-4149-AC3F-41C824D00124}.Release|Any CPU.ActiveCfg = Release|Any CPU
		{8CF77A92-D2C2-4149-AC3F-41C824D00124}.Release|Any CPU.Build.0 = Release|Any CPU
		{595BD8E1-3E2E-4B6A-9F0E-229D380062DD}.Debug|Any CPU.ActiveCfg = Debug|Any CPU
		{595BD8E1-3E2E-4B6A-9F0E-229D380062DD}.Debug|Any CPU.Build.0 = Debug|Any CPU
		{595BD8E1-3E2E-4B6A-9F0E-229D380062DD}.Release|Any CPU.ActiveCfg = Release|Any CPU
		{595BD8E1-3E2E-4B6A-9F0E-229D380062DD}.Release|Any CPU.Build.0 = Release|Any CPU
		{A23B6EA8-2B6C-4457-BAB7-1F3EA390BE7D}.Debug|Any CPU.ActiveCfg = Debug|Any CPU
		{A23B6EA8-2B6C-4457-BAB7-1F3EA390BE7D}.Debug|Any CPU.Build.0 = Debug|Any CPU
		{A23B6EA8-2B6C-4457-BAB7-1F3EA390BE7D}.Release|Any CPU.ActiveCfg = Release|Any CPU
		{A23B6EA8-2B6C-4457-BAB7-1F3EA390BE7D}.Release|Any CPU.Build.0 = Release|Any CPU
		{B7C2C021-D928-4FD1-A733-7AB375CAB696}.Debug|Any CPU.ActiveCfg = Debug|Any CPU
		{B7C2C021-D928-4FD1-A733-7AB375CAB696}.Debug|Any CPU.Build.0 = Debug|Any CPU
		{B7C2C021-D928-4FD1-A733-7AB375CAB696}.Release|Any CPU.ActiveCfg = Release|Any CPU
		{B7C2C021-D928-4FD1-A733-7AB375CAB696}.Release|Any CPU.Build.0 = Release|Any CPU
		{ADAF9776-89DF-4AC0-9806-5E194C1C4A52}.Debug|Any CPU.ActiveCfg = Debug|Any CPU
		{ADAF9776-89DF-4AC0-9806-5E194C1C4A52}.Debug|Any CPU.Build.0 = Debug|Any CPU
		{ADAF9776-89DF-4AC0-9806-5E194C1C4A52}.Release|Any CPU.ActiveCfg = Release|Any CPU
		{ADAF9776-89DF-4AC0-9806-5E194C1C4A52}.Release|Any CPU.Build.0 = Release|Any CPU
	EndGlobalSection
	GlobalSection(SolutionProperties) = preSolution
		HideSolutionNode = FALSE
	EndGlobalSection
	GlobalSection(ExtensibilityGlobals) = postSolution
		SolutionGuid = {4FEC0DD3-F2A4-4A52-A657-87470F7A6ADE}
	EndGlobalSection
EndGlobal
